
Microsoft Visual Studio Solution File, Format Version 12.00
# Visual Studio Version 17
VisualStudioVersion = 17.8.34330.188
MinimumVisualStudioVersion = 10.0.40219.1
Project("{FAE04EC0-301F-11D3-BF4B-00C04F79EFBC}") = "Getri_MVC_Consume_API", "Getri_MVC_Consume_API\Getri_MVC_Consume_API.csproj", "{7B0BE939-8B69-4B47-987E-C70C1049DF41}"
EndProject
Global
	GlobalSection(SolutionConfigurationPlatforms) = preSolution
		Debug|Any CPU = Debug|Any CPU
		Release|Any CPU = Release|Any CPU
	EndGlobalSection
	GlobalSection(ProjectConfigurationPlatforms) = postSolution
		{7B0BE939-8B69-4B47-987E-C70C1049DF41}.Debug|Any CPU.ActiveCfg = Debug|Any CPU
		{7B0BE939-8B69-4B47-987E-C70C1049DF41}.Debug|Any CPU.Build.0 = Debug|Any CPU
		{7B0BE939-8B69-4B47-987E-C70C1049DF41}.Release|Any CPU.ActiveCfg = Release|Any CPU
		{7B0BE939-8B69-4B47-987E-C70C1049DF41}.Release|Any CPU.Build.0 = Release|Any CPU
	EndGlobalSection
	GlobalSection(SolutionProperties) = preSolution
		HideSolutionNode = FALSE
	EndGlobalSection
	GlobalSection(ExtensibilityGlobals) = postSolution
		SolutionGuid = {32B9D29C-012F-4AE8-B575-2CF73618C187}
	EndGlobalSection
EndGlobal
